<?xml version="1.0" encoding="utf-8"?>
<Project ToolsVersion="4.0" xmlns="http://schemas.microsoft.com/developer/msbuild/2003">
  <ItemGroup>
    <Filter Include="Source Files">
      <UniqueIdentifier>{4FC737F1-C7A5-4376-A066-2A32D752A2FF}</UniqueIdentifier>
      <Extensions>cpp;c;cc;cxx;def;odl;idl;hpj;bat;asm;asmx</Extensions>
    </Filter>
    <Filter Include="Header Files">
      <UniqueIdentifier>{93995380-89BD-4b04-88EB-625FBE52EBFB}</UniqueIdentifier>
      <Extensions>h;hh;hpp;hxx;hm;inl;inc;ipp;xsd</Extensions>
    </Filter>
    <Filter Include="Resource Files">
      <UniqueIdentifier>{67DA6AB6-F800-4c08-8B7A-83BB121AAD01}</UniqueIdentifier>
      <Extensions>rc;ico;cur;bmp;dlg;rc2;rct;bin;rgs;gif;jpg;jpeg;jpe;resx;tiff;tif;png;wav;mfcribbon-ms</Extensions>
    </Filter>
    <Filter Include="Header Files\Utility">
      <UniqueIdentifier>{dde66908-6aac-4da6-9ec0-77ccb63abe3f}</UniqueIdentifier>
    </Filter>
    <Filter Include="Source Files\Utility">
      <UniqueIdentifier>{1960ca2c-37fa-4ad2-8b3f-08ba5db04149}</UniqueIdentifier>
    </Filter>
    <Filter Include="Source Files\Services">
      <UniqueIdentifier>{0eb5ff30-e2e4-462d-a8a7-9e0cc49b2229}</UniqueIdentifier>
    </Filter>
    <Filter Include="Header Files\Services">
      <UniqueIdentifier>{45e14c01-2266-4938-b101-aed4fc737924}</UniqueIdentifier>
    </Filter>
    <Filter Include="Header Files\Enums">
      <UniqueIdentifier>{21668baa-813a-4690-bc90-b5927441f5cb}</UniqueIdentifier>
    </Filter>
  </ItemGroup>
  <ItemGroup>
    <ClCompile Include="src\BaosMini.cpp">
      <Filter>Source Files</Filter>
    </ClCompile>
    <ClCompile Include="src\utility\ChecksumCalculator.cpp">
      <Filter>Source Files\Utility</Filter>
    </ClCompile>
    <ClCompile Include="src\Utility\FloatConverter.cpp">
      <Filter>Source Files\Utility</Filter>
    </ClCompile>
    <ClCompile Include="src\Utility\FrameFormatter.cpp">
      <Filter>Source Files\Utility</Filter>
    </ClCompile>
    <ClCompile Include="src\Services\SetDatapointValue.cpp">
      <Filter>Source Files\Services</Filter>
    </ClCompile>
    <ClCompile Include="src\Services\GetDatapointValue.cpp">
      <Filter>Source Files\Services</Filter>
    </ClCompile>
    <ClCompile Include="src\Services\GetServerItem.cpp">
      <Filter>Source Files\Services</Filter>
    </ClCompile>
    <ClCompile Include="src\Services\BaosTelegram.cpp">
      <Filter>Source Files\Services</Filter>
    </ClCompile>
    <ClCompile Include="src\Utility\SerialConnection.cpp">
      <Filter>Source Files\Utility</Filter>
    </ClCompile>
    <ClCompile Include="src\Utility\DatapointTypes.cpp">
      <Filter>Source Files\Utility</Filter>
    </ClCompile>
    <ClCompile Include="src\Services\SetServerItem.cpp">
      <Filter>Source Files\Services</Filter>
    </ClCompile>
    <ClCompile Include="src\Services\GetDatapointDescription.cpp">
      <Filter>Source Files\Services</Filter>
    </ClCompile>
    <ClCompile Include="src\Services\GetParameterByte.cpp">
      <Filter>Source Files\Services</Filter>
    </ClCompile>
    <ClCompile Include="src\Services\IndicationListener.cpp">
      <Filter>Source Files\Services</Filter>
    </ClCompile>
    <ClCompile Include="src\Utility\GetErrorDescription.cpp">
      <Filter>Source Files\Utility</Filter>
    </ClCompile>
    <ClCompile Include="src\Utility\DecodeServerItemRes.cpp">
      <Filter>Source Files\Utility</Filter>
    </ClCompile>
  </ItemGroup>
  <ItemGroup>
    <ClInclude Include="include\BaosMini.hpp">
      <Filter>Header Files</Filter>
    </ClInclude>
    <ClInclude Include="include\utility\ChecksumCalculator.hpp">
      <Filter>Header Files\Utility</Filter>
    </ClInclude>
    <ClInclude Include="include\Utility\FloatConverter.hpp">
      <Filter>Header Files\Utility</Filter>
    </ClInclude>
    <ClInclude Include="include\Utility\FrameFormatter.hpp">
      <Filter>Header Files\Utility</Filter>
    </ClInclude>
    <ClInclude Include="include\Services\SetDatapointValue.hpp">
      <Filter>Header Files\Services</Filter>
    </ClInclude>
    <ClInclude Include="include\Services\GetDatapointValue.hpp">
      <Filter>Header Files\Services</Filter>
    </ClInclude>
    <ClInclude Include="include\Services\GetServerItem.hpp">
      <Filter>Header Files\Services</Filter>
    </ClInclude>
    <ClInclude Include="include\Services\BaosTelegram.hpp">
      <Filter>Header Files\Services</Filter>
    </ClInclude>
    <ClInclude Include="include\Enums\ServerItemEnum.hpp">
      <Filter>Header Files\Enums</Filter>
    </ClInclude>
    <ClInclude Include="include\Enums\SubservicesEnum.hpp">
      <Filter>Header Files\Enums</Filter>
    </ClInclude>
    <ClInclude Include="include\Utility\SerialConnection.hpp">
      <Filter>Header Files\Utility</Filter>
    </ClInclude>
    <ClInclude Include="include\Utility\DatapointTypes.hpp">
      <Filter>Header Files\Utility</Filter>
    </ClInclude>
    <ClInclude Include="include\Services\SetServerItem.hpp">
      <Filter>Header Files\Services</Filter>
    </ClInclude>
    <ClInclude Include="include\Utility\Macros.hpp">
      <Filter>Header Files\Utility</Filter>
    </ClInclude>
    <ClInclude Include="include\Services\GetDatapointDescription.hpp">
      <Filter>Header Files\Services</Filter>
    </ClInclude>
    <ClInclude Include="include\Services\GetParameterByte.hpp">
      <Filter>Header Files\Services</Filter>
    </ClInclude>
    <ClInclude Include="include\Services\IndicationListener.hpp">
      <Filter>Header Files\Services</Filter>
    </ClInclude>
    <ClInclude Include="include\Utility\GetErrorDescription.hpp">
      <Filter>Header Files\Utility</Filter>
    </ClInclude>
    <ClInclude Include="include\Utility\DecodeServerItemRes.hpp">
      <Filter>Header Files\Utility</Filter>
    </ClInclude>
    <ClInclude Include="include\Utility\Definitions.hpp">
      <Filter>Header Files\Utility</Filter>
    </ClInclude>
  </ItemGroup>
</Project>