<?xml version="1.0" encoding="utf-8"?>
<Project ToolsVersion="4.0" xmlns="http://schemas.microsoft.com/developer/msbuild/2003">
  <ItemGroup>
    <Filter Include="Source Files">
      <UniqueIdentifier>{4FC737F1-C7A5-4376-A066-2A32D752A2FF}</UniqueIdentifier>
      <Extensions>cpp;c;cc;cxx;def;odl;idl;hpj;bat;asm;asmx</Extensions>
    </Filter>
    <Filter Include="Header Files">
      <UniqueIdentifier>{93995380-89BD-4b04-88EB-625FBE52EBFB}</UniqueIdentifier>
      <Extensions>h;hh;hpp;hxx;hm;inl;inc;ipp;xsd</Extensions>
    </Filter>
    <Filter Include="Resource Files">
      <UniqueIdentifier>{67DA6AB6-F800-4c08-8B7A-83BB121AAD01}</UniqueIdentifier>
      <Extensions>rc;ico;cur;bmp;dlg;rc2;rct;bin;rgs;gif;jpg;jpeg;jpe;resx;tiff;tif;png;wav;mfcribbon-ms</Extensions>
    </Filter>
    <Filter Include="Header Files\telegram">
      <UniqueIdentifier>{45e14c01-2266-4938-b101-aed4fc737924}</UniqueIdentifier>
    </Filter>
    <Filter Include="Source Files\telegram">
      <UniqueIdentifier>{0eb5ff30-e2e4-462d-a8a7-9e0cc49b2229}</UniqueIdentifier>
    </Filter>
    <Filter Include="Header Files\utility">
      <UniqueIdentifier>{dde66908-6aac-4da6-9ec0-77ccb63abe3f}</UniqueIdentifier>
    </Filter>
    <Filter Include="Source Files\utility">
      <UniqueIdentifier>{1960ca2c-37fa-4ad2-8b3f-08ba5db04149}</UniqueIdentifier>
    </Filter>
  </ItemGroup>
  <ItemGroup>
    <ClCompile Include="src\BaosMini.cpp">
      <Filter>Source Files</Filter>
    </ClCompile>
    <ClCompile Include="src\SerialConnection.cpp">
      <Filter>Source Files</Filter>
    </ClCompile>
    <ClCompile Include="src\telegram\SetDatapointValue.cpp">
      <Filter>Source Files\telegram</Filter>
    </ClCompile>
    <ClCompile Include="src\telegram\GetDatapointValue.cpp">
      <Filter>Source Files\telegram</Filter>
    </ClCompile>
    <ClCompile Include="src\utility\ChecksumCalculator.cpp">
      <Filter>Source Files\utility</Filter>
    </ClCompile>
    <ClCompile Include="src\utility\FrameFormatter.cpp">
      <Filter>Source Files\utility</Filter>
    </ClCompile>
    <ClCompile Include="src\utility\DataReader.cpp">
      <Filter>Source Files\utility</Filter>
    </ClCompile>
    <ClCompile Include="src\telegram\GetServerItem.cpp">
      <Filter>Source Files\telegram</Filter>
    </ClCompile>
    <ClCompile Include="src\Datapoint.cpp">
      <Filter>Source Files</Filter>
    </ClCompile>
    <ClCompile Include="src\Utility\FormatterFunctions.cpp">
      <Filter>Source Files\utility</Filter>
    </ClCompile>
    <ClCompile Include="src\Telegram\BaosTelegram.cpp">
      <Filter>Source Files\telegram</Filter>
    </ClCompile>
  </ItemGroup>
  <ItemGroup>
    <ClInclude Include="include\BaosMini.hpp">
      <Filter>Header Files</Filter>
    </ClInclude>
    <ClInclude Include="include\SerialConnection.hpp">
      <Filter>Header Files</Filter>
    </ClInclude>
    <ClInclude Include="include\telegram\BaosTelegram.hpp">
      <Filter>Header Files\telegram</Filter>
    </ClInclude>
    <ClInclude Include="include\Headers.hpp">
      <Filter>Header Files</Filter>
    </ClInclude>
    <ClInclude Include="include\telegram\SetDatapointValue.hpp">
      <Filter>Header Files\telegram</Filter>
    </ClInclude>
    <ClInclude Include="include\telegram\Headers.hpp">
      <Filter>Header Files\telegram</Filter>
    </ClInclude>
    <ClInclude Include="include\telegram\GetDatapointValue.hpp">
      <Filter>Header Files\telegram</Filter>
    </ClInclude>
    <ClInclude Include="include\utility\ChecksumCalculator.hpp">
      <Filter>Header Files\utility</Filter>
    </ClInclude>
    <ClInclude Include="include\utility\FrameFormatter.hpp">
      <Filter>Header Files\utility</Filter>
    </ClInclude>
    <ClInclude Include="include\utility\Headers.hpp">
      <Filter>Header Files\utility</Filter>
    </ClInclude>
    <ClInclude Include="include\utility\DataReader.hpp">
      <Filter>Header Files\utility</Filter>
    </ClInclude>
    <ClInclude Include="include\telegram\GetServerItem.hpp">
      <Filter>Header Files\telegram</Filter>
    </ClInclude>
    <ClInclude Include="include\Datapoint.hpp">
      <Filter>Header Files</Filter>
    </ClInclude>
    <ClInclude Include="include\Utility\FormatterFunctions.hpp">
      <Filter>Header Files\utility</Filter>
    </ClInclude>
  </ItemGroup>
</Project>